{
  "name": "miniprogram",
  "version": "1.0.0",
  "lockfileVersion": 3,
  "requires": true,
  "packages": {
    "": {
      "name": "miniprogram",
      "version": "1.0.0",
      "license": "ISC",
      "dependencies": {
        "@zlyboy/wx-formdata": "^1.0.2",
        "crypto-js": "^4.1.1"
      },
      "devDependencies": {
        "@types/crypto-js": "^4.1.1"
      }
    },
    "node_modules/@types/crypto-js": {
      "version": "4.1.1",
      "resolved": "https://registry.npmmirror.com/@types/crypto-js/-/crypto-js-4.1.1.tgz",
      "integrity": "sha512-BG7fQKZ689HIoc5h+6D2Dgq1fABRa0RbBWKBd9SP/MVRVXROflpm5fhwyATX5duFmbStzyzyycPB8qUYKDH3NA==",
      "dev": true
    },
    "node_modules/@zlyboy/wx-formdata": {
      "version": "1.0.2",
      "resolved": "https://registry.npmmirror.com/@zlyboy/wx-formdata/-/wx-formdata-1.0.2.tgz",
      "integrity": "sha512-acHVmcIQasoLjXXSnDi40s6ggtGE+/q/5VcdPH83uqhBHScVk6fCDtnPDD0BkN0Mka7SzIpRhd+ybbUDy1QFIg=="
    },
    "node_modules/crypto-js": {
      "version": "4.1.1",
      "resolved": "https://registry.npmmirror.com/crypto-js/-/crypto-js-4.1.1.tgz",
      "integrity": "sha512-o2JlM7ydqd3Qk9CA0L4NL6mTzU2sdx96a+oOfPu8Mkl/PK51vSyoi8/rQ8NknZtk44vq15lmhAj9CIAGwgeWKw=="
    }
  }
}
